
Microsoft Visual Studio Solution File, Format Version 12.00
# Visual Studio Version 17
VisualStudioVersion = 17.0.31903.59
MinimumVisualStudioVersion = 10.0.40219.1
Project("{2150E333-8FDC-42A3-9474-1A3956D46DE8}") = "Sources", "Sources", "{C16B2082-E6A6-C480-36D0-FC08AA18D453}"
EndProject
Project("{FAE04EC0-301F-11D3-BF4B-00C04F79EFBC}") = "TaskBoard.Domain", "Sources\TaskBoard.Domain\TaskBoard.Domain.csproj", "{A148ECB3-3ED4-484E-847B-4C7922ACF890}"
EndProject
Project("{FAE04EC0-301F-11D3-BF4B-00C04F79EFBC}") = "TaskBoard.Application", "Sources\TaskBoard.Application\TaskBoard.Application.csproj", "{80A38903-26BC-4DB9-9007-EAD28661B8D9}"
EndProject
Project("{FAE04EC0-301F-11D3-BF4B-00C04F79EFBC}") = "TaskBoard.Infrastructure", "Sources\TaskBoard.Infrastructure\TaskBoard.Infrastructure.csproj", "{4E0BD416-551B-4DA3-96EB-36974D6FC75C}"
EndProject
Project("{FAE04EC0-301F-11D3-BF4B-00C04F79EFBC}") = "TaskBoard.Api", "Sources\TaskBoard.Api\TaskBoard.Api.csproj", "{B1C54DA0-E4F2-4786-866F-2C9AC98919F1}"
EndProject
Project("{2150E333-8FDC-42A3-9474-1A3956D46DE8}") = "Tests", "Tests", "{0AB3BF05-4346-4AA6-1389-037BE0695223}"
EndProject
Project("{2150E333-8FDC-42A3-9474-1A3956D46DE8}") = "Éléments de solution", "Éléments de solution", "{9C8CB701-102D-CF49-A3E0-89AC09D42C2C}"
	ProjectSection(SolutionItems) = preProject
		docker-compose.yml = docker-compose.yml
	EndProjectSection
EndProject
Project("{FAE04EC0-301F-11D3-BF4B-00C04F79EFBC}") = "TaskBoard.Domain.Tests", "Tests\TaskBoard.Domain.Tests\TaskBoard.Domain.Tests.csproj", "{B85B49C4-7551-4323-88F1-FE521C896ECE}"
EndProject
Project("{FAE04EC0-301F-11D3-BF4B-00C04F79EFBC}") = "TaskBoard.Application.Tests", "Tests\TaskBoard.Application.Tests\TaskBoard.Application.Tests.csproj", "{B3E64CB6-915B-4A1F-B3B0-B14145328B65}"
EndProject
Project("{FAE04EC0-301F-11D3-BF4B-00C04F79EFBC}") = "TaskBoard.Infrastructure.Tests", "Tests\TaskBoard.Infrastructure.Tests\TaskBoard.Infrastructure.Tests.csproj", "{B3738177-8431-4CFE-951F-6D5D27DA5B5B}"
EndProject
Project("{FAE04EC0-301F-11D3-BF4B-00C04F79EFBC}") = "TaskBoard.Api.Tests", "Tests\TaskBoard.Api.Tests\TaskBoard.Api.Tests.csproj", "{CA6066F7-6B3F-47C6-A3F2-0B2D5595C8CB}"
EndProject
Global
	GlobalSection(SolutionConfigurationPlatforms) = preSolution
		Debug|Any CPU = Debug|Any CPU
		Debug|x64 = Debug|x64
		Debug|x86 = Debug|x86
		Release|Any CPU = Release|Any CPU
		Release|x64 = Release|x64
		Release|x86 = Release|x86
	EndGlobalSection
	GlobalSection(ProjectConfigurationPlatforms) = postSolution
		{A148ECB3-3ED4-484E-847B-4C7922ACF890}.Debug|Any CPU.ActiveCfg = Debug|Any CPU
		{A148ECB3-3ED4-484E-847B-4C7922ACF890}.Debug|Any CPU.Build.0 = Debug|Any CPU
		{A148ECB3-3ED4-484E-847B-4C7922ACF890}.Debug|x64.ActiveCfg = Debug|Any CPU
		{A148ECB3-3ED4-484E-847B-4C7922ACF890}.Debug|x64.Build.0 = Debug|Any CPU
		{A148ECB3-3ED4-484E-847B-4C7922ACF890}.Debug|x86.ActiveCfg = Debug|Any CPU
		{A148ECB3-3ED4-484E-847B-4C7922ACF890}.Debug|x86.Build.0 = Debug|Any CPU
		{A148ECB3-3ED4-484E-847B-4C7922ACF890}.Release|Any CPU.ActiveCfg = Release|Any CPU
		{A148ECB3-3ED4-484E-847B-4C7922ACF890}.Release|Any CPU.Build.0 = Release|Any CPU
		{A148ECB3-3ED4-484E-847B-4C7922ACF890}.Release|x64.ActiveCfg = Release|Any CPU
		{A148ECB3-3ED4-484E-847B-4C7922ACF890}.Release|x64.Build.0 = Release|Any CPU
		{A148ECB3-3ED4-484E-847B-4C7922ACF890}.Release|x86.ActiveCfg = Release|Any CPU
		{A148ECB3-3ED4-484E-847B-4C7922ACF890}.Release|x86.Build.0 = Release|Any CPU
		{80A38903-26BC-4DB9-9007-EAD28661B8D9}.Debug|Any CPU.ActiveCfg = Debug|Any CPU
		{80A38903-26BC-4DB9-9007-EAD28661B8D9}.Debug|Any CPU.Build.0 = Debug|Any CPU
		{80A38903-26BC-4DB9-9007-EAD28661B8D9}.Debug|x64.ActiveCfg = Debug|Any CPU
		{80A38903-26BC-4DB9-9007-EAD28661B8D9}.Debug|x64.Build.0 = Debug|Any CPU
		{80A38903-26BC-4DB9-9007-EAD28661B8D9}.Debug|x86.ActiveCfg = Debug|Any CPU
		{80A38903-26BC-4DB9-9007-EAD28661B8D9}.Debug|x86.Build.0 = Debug|Any CPU
		{80A38903-26BC-4DB9-9007-EAD28661B8D9}.Release|Any CPU.ActiveCfg = Release|Any CPU
		{80A38903-26BC-4DB9-9007-EAD28661B8D9}.Release|Any CPU.Build.0 = Release|Any CPU
		{80A38903-26BC-4DB9-9007-EAD28661B8D9}.Release|x64.ActiveCfg = Release|Any CPU
		{80A38903-26BC-4DB9-9007-EAD28661B8D9}.Release|x64.Build.0 = Release|Any CPU
		{80A38903-26BC-4DB9-9007-EAD28661B8D9}.Release|x86.ActiveCfg = Release|Any CPU
		{80A38903-26BC-4DB9-9007-EAD28661B8D9}.Release|x86.Build.0 = Release|Any CPU
		{4E0BD416-551B-4DA3-96EB-36974D6FC75C}.Debug|Any CPU.ActiveCfg = Debug|Any CPU
		{4E0BD416-551B-4DA3-96EB-36974D6FC75C}.Debug|Any CPU.Build.0 = Debug|Any CPU
		{4E0BD416-551B-4DA3-96EB-36974D6FC75C}.Debug|x64.ActiveCfg = Debug|Any CPU
		{4E0BD416-551B-4DA3-96EB-36974D6FC75C}.Debug|x64.Build.0 = Debug|Any CPU
		{4E0BD416-551B-4DA3-96EB-36974D6FC75C}.Debug|x86.ActiveCfg = Debug|Any CPU
		{4E0BD416-551B-4DA3-96EB-36974D6FC75C}.Debug|x86.Build.0 = Debug|Any CPU
		{4E0BD416-551B-4DA3-96EB-36974D6FC75C}.Release|Any CPU.ActiveCfg = Release|Any CPU
		{4E0BD416-551B-4DA3-96EB-36974D6FC75C}.Release|Any CPU.Build.0 = Release|Any CPU
		{4E0BD416-551B-4DA3-96EB-36974D6FC75C}.Release|x64.ActiveCfg = Release|Any CPU
		{4E0BD416-551B-4DA3-96EB-36974D6FC75C}.Release|x64.Build.0 = Release|Any CPU
		{4E0BD416-551B-4DA3-96EB-36974D6FC75C}.Release|x86.ActiveCfg = Release|Any CPU
		{4E0BD416-551B-4DA3-96EB-36974D6FC75C}.Release|x86.Build.0 = Release|Any CPU
		{B1C54DA0-E4F2-4786-866F-2C9AC98919F1}.Debug|Any CPU.ActiveCfg = Debug|Any CPU
		{B1C54DA0-E4F2-4786-866F-2C9AC98919F1}.Debug|Any CPU.Build.0 = Debug|Any CPU
		{B1C54DA0-E4F2-4786-866F-2C9AC98919F1}.Debug|x64.ActiveCfg = Debug|Any CPU
		{B1C54DA0-E4F2-4786-866F-2C9AC98919F1}.Debug|x64.Build.0 = Debug|Any CPU
		{B1C54DA0-E4F2-4786-866F-2C9AC98919F1}.Debug|x86.ActiveCfg = Debug|Any CPU
		{B1C54DA0-E4F2-4786-866F-2C9AC98919F1}.Debug|x86.Build.0 = Debug|Any CPU
		{B1C54DA0-E4F2-4786-866F-2C9AC98919F1}.Release|Any CPU.ActiveCfg = Release|Any CPU
		{B1C54DA0-E4F2-4786-866F-2C9AC98919F1}.Release|Any CPU.Build.0 = Release|Any CPU
		{B1C54DA0-E4F2-4786-866F-2C9AC98919F1}.Release|x64.ActiveCfg = Release|Any CPU
		{B1C54DA0-E4F2-4786-866F-2C9AC98919F1}.Release|x64.Build.0 = Release|Any CPU
		{B1C54DA0-E4F2-4786-866F-2C9AC98919F1}.Release|x86.ActiveCfg = Release|Any CPU
		{B1C54DA0-E4F2-4786-866F-2C9AC98919F1}.Release|x86.Build.0 = Release|Any CPU
		{B85B49C4-7551-4323-88F1-FE521C896ECE}.Debug|Any CPU.ActiveCfg = Debug|Any CPU
		{B85B49C4-7551-4323-88F1-FE521C896ECE}.Debug|Any CPU.Build.0 = Debug|Any CPU
		{B85B49C4-7551-4323-88F1-FE521C896ECE}.Debug|x64.ActiveCfg = Debug|Any CPU
		{B85B49C4-7551-4323-88F1-FE521C896ECE}.Debug|x64.Build.0 = Debug|Any CPU
		{B85B49C4-7551-4323-88F1-FE521C896ECE}.Debug|x86.ActiveCfg = Debug|Any CPU
		{B85B49C4-7551-4323-88F1-FE521C896ECE}.Debug|x86.Build.0 = Debug|Any CPU
		{B85B49C4-7551-4323-88F1-FE521C896ECE}.Release|Any CPU.ActiveCfg = Release|Any CPU
		{B85B49C4-7551-4323-88F1-FE521C896ECE}.Release|Any CPU.Build.0 = Release|Any CPU
		{B85B49C4-7551-4323-88F1-FE521C896ECE}.Release|x64.ActiveCfg = Release|Any CPU
		{B85B49C4-7551-4323-88F1-FE521C896ECE}.Release|x64.Build.0 = Release|Any CPU
		{B85B49C4-7551-4323-88F1-FE521C896ECE}.Release|x86.ActiveCfg = Release|Any CPU
		{B85B49C4-7551-4323-88F1-FE521C896ECE}.Release|x86.Build.0 = Release|Any CPU
		{B3E64CB6-915B-4A1F-B3B0-B14145328B65}.Debug|Any CPU.ActiveCfg = Debug|Any CPU
		{B3E64CB6-915B-4A1F-B3B0-B14145328B65}.Debug|Any CPU.Build.0 = Debug|Any CPU
		{B3E64CB6-915B-4A1F-B3B0-B14145328B65}.Debug|x64.ActiveCfg = Debug|Any CPU
		{B3E64CB6-915B-4A1F-B3B0-B14145328B65}.Debug|x64.Build.0 = Debug|Any CPU
		{B3E64CB6-915B-4A1F-B3B0-B14145328B65}.Debug|x86.ActiveCfg = Debug|Any CPU
		{B3E64CB6-915B-4A1F-B3B0-B14145328B65}.Debug|x86.Build.0 = Debug|Any CPU
		{B3E64CB6-915B-4A1F-B3B0-B14145328B65}.Release|Any CPU.ActiveCfg = Release|Any CPU
		{B3E64CB6-915B-4A1F-B3B0-B14145328B65}.Release|Any CPU.Build.0 = Release|Any CPU
		{B3E64CB6-915B-4A1F-B3B0-B14145328B65}.Release|x64.ActiveCfg = Release|Any CPU
		{B3E64CB6-915B-4A1F-B3B0-B14145328B65}.Release|x64.Build.0 = Release|Any CPU
		{B3E64CB6-915B-4A1F-B3B0-B14145328B65}.Release|x86.ActiveCfg = Release|Any CPU
		{B3E64CB6-915B-4A1F-B3B0-B14145328B65}.Release|x86.Build.0 = Release|Any CPU
		{B3738177-8431-4CFE-951F-6D5D27DA5B5B}.Debug|Any CPU.ActiveCfg = Debug|Any CPU
		{B3738177-8431-4CFE-951F-6D5D27DA5B5B}.Debug|Any CPU.Build.0 = Debug|Any CPU
		{B3738177-8431-4CFE-951F-6D5D27DA5B5B}.Debug|x64.ActiveCfg = Debug|Any CPU
		{B3738177-8431-4CFE-951F-6D5D27DA5B5B}.Debug|x64.Build.0 = Debug|Any CPU
		{B3738177-8431-4CFE-951F-6D5D27DA5B5B}.Debug|x86.ActiveCfg = Debug|Any CPU
		{B3738177-8431-4CFE-951F-6D5D27DA5B5B}.Debug|x86.Build.0 = Debug|Any CPU
		{B3738177-8431-4CFE-951F-6D5D27DA5B5B}.Release|Any CPU.ActiveCfg = Release|Any CPU
		{B3738177-8431-4CFE-951F-6D5D27DA5B5B}.Release|Any CPU.Build.0 = Release|Any CPU
		{B3738177-8431-4CFE-951F-6D5D27DA5B5B}.Release|x64.ActiveCfg = Release|Any CPU
		{B3738177-8431-4CFE-951F-6D5D27DA5B5B}.Release|x64.Build.0 = Release|Any CPU
		{B3738177-8431-4CFE-951F-6D5D27DA5B5B}.Release|x86.ActiveCfg = Release|Any CPU
		{B3738177-8431-4CFE-951F-6D5D27DA5B5B}.Release|x86.Build.0 = Release|Any CPU
		{CA6066F7-6B3F-47C6-A3F2-0B2D5595C8CB}.Debug|Any CPU.ActiveCfg = Debug|Any CPU
		{CA6066F7-6B3F-47C6-A3F2-0B2D5595C8CB}.Debug|Any CPU.Build.0 = Debug|Any CPU
		{CA6066F7-6B3F-47C6-A3F2-0B2D5595C8CB}.Debug|x64.ActiveCfg = Debug|Any CPU
		{CA6066F7-6B3F-47C6-A3F2-0B2D5595C8CB}.Debug|x64.Build.0 = Debug|Any CPU
		{CA6066F7-6B3F-47C6-A3F2-0B2D5595C8CB}.Debug|x86.ActiveCfg = Debug|Any CPU
		{CA6066F7-6B3F-47C6-A3F2-0B2D5595C8CB}.Debug|x86.Build.0 = Debug|Any CPU
		{CA6066F7-6B3F-47C6-A3F2-0B2D5595C8CB}.Release|Any CPU.ActiveCfg = Release|Any CPU
		{CA6066F7-6B3F-47C6-A3F2-0B2D5595C8CB}.Release|Any CPU.Build.0 = Release|Any CPU
		{CA6066F7-6B3F-47C6-A3F2-0B2D5595C8CB}.Release|x64.ActiveCfg = Release|Any CPU
		{CA6066F7-6B3F-47C6-A3F2-0B2D5595C8CB}.Release|x64.Build.0 = Release|Any CPU
		{CA6066F7-6B3F-47C6-A3F2-0B2D5595C8CB}.Release|x86.ActiveCfg = Release|Any CPU
		{CA6066F7-6B3F-47C6-A3F2-0B2D5595C8CB}.Release|x86.Build.0 = Release|Any CPU
	EndGlobalSection
	GlobalSection(SolutionProperties) = preSolution
		HideSolutionNode = FALSE
	EndGlobalSection
	GlobalSection(NestedProjects) = preSolution
		{A148ECB3-3ED4-484E-847B-4C7922ACF890} = {C16B2082-E6A6-C480-36D0-FC08AA18D453}
		{80A38903-26BC-4DB9-9007-EAD28661B8D9} = {C16B2082-E6A6-C480-36D0-FC08AA18D453}
		{4E0BD416-551B-4DA3-96EB-36974D6FC75C} = {C16B2082-E6A6-C480-36D0-FC08AA18D453}
		{B1C54DA0-E4F2-4786-866F-2C9AC98919F1} = {C16B2082-E6A6-C480-36D0-FC08AA18D453}
		{B85B49C4-7551-4323-88F1-FE521C896ECE} = {0AB3BF05-4346-4AA6-1389-037BE0695223}
		{B3E64CB6-915B-4A1F-B3B0-B14145328B65} = {0AB3BF05-4346-4AA6-1389-037BE0695223}
		{B3738177-8431-4CFE-951F-6D5D27DA5B5B} = {0AB3BF05-4346-4AA6-1389-037BE0695223}
		{CA6066F7-6B3F-47C6-A3F2-0B2D5595C8CB} = {0AB3BF05-4346-4AA6-1389-037BE0695223}
	EndGlobalSection
	GlobalSection(ExtensibilityGlobals) = postSolution
		SolutionGuid = {E7478229-0C02-4104-B5A4-84423CB5CC76}
	EndGlobalSection
EndGlobal
